
Microsoft Visual Studio Solution File, Format Version 12.00
# Visual Studio Version 17
VisualStudioVersion = 17.11.35327.3
MinimumVisualStudioVersion = 10.0.40219.1
Project("{FAE04EC0-301F-11D3-BF4B-00C04F79EFBC}") = "CS05", "CS05\CS05.csproj", "{AC8F3991-43EB-42AA-BF26-A8CCFF1A6447}"
EndProject
Global
	GlobalSection(SolutionConfigurationPlatforms) = preSolution
		Debug|Any CPU = Debug|Any CPU
		Release|Any CPU = Release|Any CPU
	EndGlobalSection
	GlobalSection(ProjectConfigurationPlatforms) = postSolution
		{AC8F3991-43EB-42AA-BF26-A8CCFF1A6447}.Debug|Any CPU.ActiveCfg = Debug|Any CPU
		{AC8F3991-43EB-42AA-BF26-A8CCFF1A6447}.Debug|Any CPU.Build.0 = Debug|Any CPU
		{AC8F3991-43EB-42AA-BF26-A8CCFF1A6447}.Release|Any CPU.ActiveCfg = Release|Any CPU
		{AC8F3991-43EB-42AA-BF26-A8CCFF1A6447}.Release|Any CPU.Build.0 = Release|Any CPU
	EndGlobalSection
	GlobalSection(SolutionProperties) = preSolution
		HideSolutionNode = FALSE
	EndGlobalSection
	GlobalSection(ExtensibilityGlobals) = postSolution
		SolutionGuid = {FCD161EB-E8EC-4CE2-B149-1650DCB6725F}
	EndGlobalSection
EndGlobal
